
Microsoft Visual Studio Solution File, Format Version 12.00
Project("{2150E333-8FDC-42A3-9474-1A3956D46DE8}") = "src", "src", "{7FB26764-539E-4B88-91C4-64CB312F08CE}"
EndProject
Project("{2150E333-8FDC-42A3-9474-1A3956D46DE8}") = "doc", "doc", "{4460D043-2D5A-45C1-8652-657333B1CB31}"
EndProject
Project("{2150E333-8FDC-42A3-9474-1A3956D46DE8}") = "test", "test", "{0D9C1159-6C94-476B-9A55-BB574F77CD17}"
EndProject
Project("{2150E333-8FDC-42A3-9474-1A3956D46DE8}") = "API", "API", "{B1188586-4D36-4781-A6CC-09D0D405BC45}"
EndProject
Project("{2150E333-8FDC-42A3-9474-1A3956D46DE8}") = "Core", "Core", "{1EDF2514-8023-4F61-9FEC-2343375BCAD2}"
EndProject
Project("{2150E333-8FDC-42A3-9474-1A3956D46DE8}") = "Infrastructure", "Infrastructure", "{D826B768-A497-4C82-A054-AF2DB8D5E84E}"
EndProject
Project("{FAE04EC0-301F-11D3-BF4B-00C04F79EFBC}") = "PrimeNet.Infrastructure", "PrimeNet.Infrastructure\PrimeNet.Infrastructure.csproj", "{BDD3AC70-BF85-4218-A9FC-0C8364AF0739}"
EndProject
Project("{FAE04EC0-301F-11D3-BF4B-00C04F79EFBC}") = "PrimeNet.Domain", "PrimeNet.Domain\PrimeNet.Domain.csproj", "{17449BE5-45C3-455B-B3CD-768E562C7891}"
EndProject
Project("{FAE04EC0-301F-11D3-BF4B-00C04F79EFBC}") = "PrimeNet.Application", "PrimeNet.Application\PrimeNet.Application.csproj", "{6AB03C48-6EC3-410E-B8DE-B20FB780B51E}"
EndProject
Project("{FAE04EC0-301F-11D3-BF4B-00C04F79EFBC}") = "PrimeNet.API", "PrimeNet.API\PrimeNet.API.csproj", "{D3A4C1F4-5A6C-4AAC-8D54-E33D5D96ACB7}"
EndProject
Global
	GlobalSection(SolutionConfigurationPlatforms) = preSolution
		Debug|Any CPU = Debug|Any CPU
		Release|Any CPU = Release|Any CPU
	EndGlobalSection
	GlobalSection(NestedProjects) = preSolution
		{B1188586-4D36-4781-A6CC-09D0D405BC45} = {7FB26764-539E-4B88-91C4-64CB312F08CE}
		{1EDF2514-8023-4F61-9FEC-2343375BCAD2} = {7FB26764-539E-4B88-91C4-64CB312F08CE}
		{D826B768-A497-4C82-A054-AF2DB8D5E84E} = {7FB26764-539E-4B88-91C4-64CB312F08CE}
		{BDD3AC70-BF85-4218-A9FC-0C8364AF0739} = {D826B768-A497-4C82-A054-AF2DB8D5E84E}
		{17449BE5-45C3-455B-B3CD-768E562C7891} = {1EDF2514-8023-4F61-9FEC-2343375BCAD2}
		{6AB03C48-6EC3-410E-B8DE-B20FB780B51E} = {1EDF2514-8023-4F61-9FEC-2343375BCAD2}
		{D3A4C1F4-5A6C-4AAC-8D54-E33D5D96ACB7} = {B1188586-4D36-4781-A6CC-09D0D405BC45}
	EndGlobalSection
	GlobalSection(ProjectConfigurationPlatforms) = postSolution
		{BDD3AC70-BF85-4218-A9FC-0C8364AF0739}.Debug|Any CPU.ActiveCfg = Debug|Any CPU
		{BDD3AC70-BF85-4218-A9FC-0C8364AF0739}.Debug|Any CPU.Build.0 = Debug|Any CPU
		{BDD3AC70-BF85-4218-A9FC-0C8364AF0739}.Release|Any CPU.ActiveCfg = Release|Any CPU
		{BDD3AC70-BF85-4218-A9FC-0C8364AF0739}.Release|Any CPU.Build.0 = Release|Any CPU
		{17449BE5-45C3-455B-B3CD-768E562C7891}.Debug|Any CPU.ActiveCfg = Debug|Any CPU
		{17449BE5-45C3-455B-B3CD-768E562C7891}.Debug|Any CPU.Build.0 = Debug|Any CPU
		{17449BE5-45C3-455B-B3CD-768E562C7891}.Release|Any CPU.ActiveCfg = Release|Any CPU
		{17449BE5-45C3-455B-B3CD-768E562C7891}.Release|Any CPU.Build.0 = Release|Any CPU
		{6AB03C48-6EC3-410E-B8DE-B20FB780B51E}.Debug|Any CPU.ActiveCfg = Debug|Any CPU
		{6AB03C48-6EC3-410E-B8DE-B20FB780B51E}.Debug|Any CPU.Build.0 = Debug|Any CPU
		{6AB03C48-6EC3-410E-B8DE-B20FB780B51E}.Release|Any CPU.ActiveCfg = Release|Any CPU
		{6AB03C48-6EC3-410E-B8DE-B20FB780B51E}.Release|Any CPU.Build.0 = Release|Any CPU
		{D3A4C1F4-5A6C-4AAC-8D54-E33D5D96ACB7}.Debug|Any CPU.ActiveCfg = Debug|Any CPU
		{D3A4C1F4-5A6C-4AAC-8D54-E33D5D96ACB7}.Debug|Any CPU.Build.0 = Debug|Any CPU
		{D3A4C1F4-5A6C-4AAC-8D54-E33D5D96ACB7}.Release|Any CPU.ActiveCfg = Release|Any CPU
		{D3A4C1F4-5A6C-4AAC-8D54-E33D5D96ACB7}.Release|Any CPU.Build.0 = Release|Any CPU
	EndGlobalSection
EndGlobal
